# THIS IS AN AUTOGENERATED FILE. DO NOT EDIT THIS FILE DIRECTLY.
# yarn lockfile v1


prettier@^3.2.5:
  version "3.3.2"
  resolved "https://registry.yarnpkg.com/prettier/-/prettier-3.3.2.tgz#03ff86dc7c835f2d2559ee76876a3914cec4a90a"
  integrity sha512-rAVeHYMcv8ATV5d508CFdn+8/pHPpXeIid1DdrPwXnaAdH7cqjVbpJaT5eq4yRAFU/lsbwYwSF/n5iNrdJHPQA==

turbo-darwin-64@2.0.4:
  version "2.0.4"
  resolved "https://registry.yarnpkg.com/turbo-darwin-64/-/turbo-darwin-64-2.0.4.tgz#83c7835f8ba1f7a5473487ce73cfc8d5ad523614"
  integrity sha512-x9mvmh4wudBstML8Z8IOmokLWglIhSfhQwnh2gBCSqabgVBKYvzl8Y+i+UCNPxheCGTgtsPepTcIaKBIyFIcvw==

turbo-darwin-arm64@2.0.4:
  version "2.0.4"
  resolved "https://registry.yarnpkg.com/turbo-darwin-arm64/-/turbo-darwin-arm64-2.0.4.tgz#046e5768e9d6b490b7108d5bef3f4a1594aca0ba"
  integrity sha512-/B1Ih8zPRGVw5vw4SlclOf3C/woJ/2T6ieH6u54KT4wypoaVyaiyMqBcziIXycdObIYr7jQ+raHO7q3mhay9/A==

turbo-linux-64@2.0.4:
  version "2.0.4"
  resolved "https://registry.yarnpkg.com/turbo-linux-64/-/turbo-linux-64-2.0.4.tgz#eab8c183a11b26ddec251d62778313a495971e4f"
  integrity sha512-6aG670e5zOWu6RczEYcB81nEl8EhiGJEvWhUrnAfNEUIMBEH1pR5SsMmG2ol5/m3PgiRM12r13dSqTxCLcHrVg==

turbo-linux-arm64@2.0.4:
  version "2.0.4"
  resolved "https://registry.yarnpkg.com/turbo-linux-arm64/-/turbo-linux-arm64-2.0.4.tgz#2dcc3f1d3e56209736b2ce3d849b80e0d7116e42"
  integrity sha512-AXfVOjst+mCtPDFT4tCu08Qrfv12Nj7NDd33AjGwV79NYN1Y1rcFY59UQ4nO3ij3rbcvV71Xc+TZJ4csEvRCSg==

turbo-windows-64@2.0.4:
  version "2.0.4"
  resolved "https://registry.yarnpkg.com/turbo-windows-64/-/turbo-windows-64-2.0.4.tgz#b2440d82892c983088ed386f9126d365594fc1a5"
  integrity sha512-QOnUR9hKl0T5gq5h1fAhVEqBSjpcBi/BbaO71YGQNgsr6pAnCQdbG8/r3MYXet53efM0KTdOhieWeO3KLNKybA==

turbo-windows-arm64@2.0.4:
  version "2.0.4"
  resolved "https://registry.yarnpkg.com/turbo-windows-arm64/-/turbo-windows-arm64-2.0.4.tgz#e943709535baf233f5b85ed35cd95dcf86815283"
  integrity sha512-3v8WpdZy1AxZw0gha0q3caZmm+0gveBQ40OspD6mxDBIS+oBtO5CkxhIXkFJJW+jDKmDlM7wXDIGfMEq+QyNCQ==

turbo@^2.0.4:
  version "2.0.4"
  resolved "https://registry.yarnpkg.com/turbo/-/turbo-2.0.4.tgz#4fb6f0bf3be905953825de0368203e849c91e412"
  integrity sha512-Ilme/2Q5kYw0AeRr+aw3s02+WrEYaY7U8vPnqSZU/jaDG/qd6jHVN6nRWyd/9KXvJGYM69vE6JImoGoyNjLwaw==
  optionalDependencies:
    turbo-darwin-64 "2.0.4"
    turbo-darwin-arm64 "2.0.4"
    turbo-linux-64 "2.0.4"
    turbo-linux-arm64 "2.0.4"
    turbo-windows-64 "2.0.4"
    turbo-windows-arm64 "2.0.4"

typescript@^5.4.5:
  version "5.5.2"
  resolved "https://registry.yarnpkg.com/typescript/-/typescript-5.5.2.tgz#c26f023cb0054e657ce04f72583ea2d85f8d0507"
  integrity sha512-NcRtPEOsPFFWjobJEtfihkLCZCXZt/os3zf8nTxjVH3RvTSxjrCamJpbExGvYOF+tFHc3pA65qpdwPbzjohhew==
